
Microsoft Visual Studio Solution File, Format Version 12.00
# Visual Studio Version 17
VisualStudioVersion = 17.8.34330.188
MinimumVisualStudioVersion = 10.0.40219.1
Project("{FAE04EC0-301F-11D3-BF4B-00C04F79EFBC}") = "Inventar", "Inventar\Inventar.csproj", "{7B0941A2-68AC-4F34-8D49-E56600B606AF}"
EndProject
Global
	GlobalSection(SolutionConfigurationPlatforms) = preSolution
		Debug|Any CPU = Debug|Any CPU
		Release|Any CPU = Release|Any CPU
	EndGlobalSection
	GlobalSection(ProjectConfigurationPlatforms) = postSolution
		{7B0941A2-68AC-4F34-8D49-E56600B606AF}.Debug|Any CPU.ActiveCfg = Debug|Any CPU
		{7B0941A2-68AC-4F34-8D49-E56600B606AF}.Debug|Any CPU.Build.0 = Debug|Any CPU
		{7B0941A2-68AC-4F34-8D49-E56600B606AF}.Release|Any CPU.ActiveCfg = Release|Any CPU
		{7B0941A2-68AC-4F34-8D49-E56600B606AF}.Release|Any CPU.Build.0 = Release|Any CPU
	EndGlobalSection
	GlobalSection(SolutionProperties) = preSolution
		HideSolutionNode = FALSE
	EndGlobalSection
	GlobalSection(ExtensibilityGlobals) = postSolution
		SolutionGuid = {295A406F-0502-4E32-9332-8D9D1FADF0AD}
	EndGlobalSection
EndGlobal
